# This file is automatically @generated by Cargo.
# It is not intended for manual editing.
version = 4

[[package]]
name = "addchain"
version = "0.2.0"
source = "registry+https://github.com/rust-lang/crates.io-index"
checksum = "3b2e69442aa5628ea6951fa33e24efe8313f4321a91bd729fc2f75bdfc858570"
dependencies = [
 "num-bigint 0.3.3",
 "num-integer",
 "num-traits",
]

[[package]]
name = "addr2line"
version = "0.24.2"
source = "registry+https://github.com/rust-lang/crates.io-index"
checksum = "dfbe277e56a376000877090da837660b4427aad530e3028d44e0bffe4f89a1c1"
dependencies = [
 "gimli",
]

[[package]]
name = "adler2"
version = "2.0.0"
source = "registry+https://github.com/rust-lang/crates.io-index"
checksum = "512761e0bb2578dd7380c6baaa0f4ce03e84f95e960231d1dec8bf4d7d6e2627"

[[package]]
name = "aes"
version = "0.8.4"
source = "registry+https://github.com/rust-lang/crates.io-index"
checksum = "b169f7a6d4742236a0a00c541b845991d0ac43e546831af1249753ab4c3aa3a0"
dependencies = [
 "cfg-if",
 "cipher",
 "cpufeatures",
]

[[package]]
name = "aggregation-script"
version = "0.1.0"
dependencies = [
 "alloy-sol-types 0.8.22",
 "clap",
 "hex",
 "lib",
 "serde",
 "serde_json",
 "sp1-helper 2.0.0",
 "sp1-sdk",
 "tracing",
]

[[package]]

name = "ahash"
version = "0.8.11"
source = "registry+https://github.com/rust-lang/crates.io-index"
checksum = "e89da841a80418a9b391ebaea17f5c112ffaaa96f621d2c285b5174da76b9011"
dependencies = [
 "cfg-if",
 "const-random",
 "once_cell",
 "version_check",
 "zerocopy",
 "once_cell",
 "version_check",
 "zerocopy 0.7.35",
]

[[package]]
name = "aho-corasick"
version = "1.1.3"
source = "registry+https://github.com/rust-lang/crates.io-index"
checksum = "8e60d3430d3a69478ad0993f19238d2df97c507009a52b3c10addcd7f6bcb916"
dependencies = [
 "memchr",
]

[[package]]
name = "alga"
version = "0.9.3"
source = "registry+https://github.com/rust-lang/crates.io-index"
checksum = "4f823d037a7ec6ea2197046bafd4ae150e6bc36f9ca347404f46a46823fa84f2"
dependencies = [
 "approx",
 "num-complex 0.2.4",
 "num-traits",
]

[[package]]
name = "allocator-api2"
version = "0.2.21"
source = "registry+https://github.com/rust-lang/crates.io-index"
checksum = "683d7910e743518b0e34f1186f92494becacb047c7b6bf616c96772180fef923"

[[package]]
name = "alloy-json-abi"
version = "0.8.22"
source = "registry+https://github.com/rust-lang/crates.io-index"
checksum = "125601804507fef5ae7debcbf800906b12741f19800c1c05b953d0f1b990131a"
dependencies = [
 "alloy-primitives 0.8.22",
 "alloy-sol-type-parser",
 "serde",
 "serde_json",
]

[[package]]
name = "alloy-primitives"
version = "0.7.7"
source = "registry+https://github.com/rust-lang/crates.io-index"
checksum = "ccb3ead547f4532bc8af961649942f0b9c16ee9226e26caa3f38420651cc0bf4"
dependencies = [
 "alloy-rlp",
 "bytes",
 "cfg-if",
 "const-hex",
 "derive_more 0.99.19",
 "hex-literal",
 "itoa",
 "k256",
 "keccak-asm",
 "proptest",
 "rand",
 "ruint",
 "serde",
 "tiny-keccak",

name = "alloy-consensus"
version = "0.11.1"
source = "registry+https://github.com/rust-lang/crates.io-index"
checksum = "69e32ef5c74bbeb1733c37f4ac7f866f8c8af208b7b4265e21af609dcac5bd5e"
dependencies = [
 "alloy-eips",
 "alloy-primitives",
 "alloy-rlp",
 "alloy-serde",
 "alloy-trie",
 "auto_impl",
 "c-kzg",
 "derive_more",
 "serde",
]

[[package]]
name = "alloy-consensus-any"
version = "0.11.1"
source = "registry+https://github.com/rust-lang/crates.io-index"
checksum = "0fa13b7b1e1e3fedc42f0728103bfa3b4d566d3d42b606db449504d88dbdbdcf"
dependencies = [
 "alloy-consensus",
 "alloy-eips",
 "alloy-primitives",
 "alloy-rlp",
 "alloy-serde",
 "serde",
]

[[package]]
name = "alloy-eip2124"
version = "0.1.0"
source = "registry+https://github.com/rust-lang/crates.io-index"
checksum = "675264c957689f0fd75f5993a73123c2cc3b5c235a38f5b9037fe6c826bfb2c0"
dependencies = [
 "alloy-primitives",
 "alloy-rlp",
 "crc",
 "thiserror 2.0.11",
]

[[package]]
name = "alloy-eip2930"
version = "0.1.0"
source = "registry+https://github.com/rust-lang/crates.io-index"
checksum = "0069cf0642457f87a01a014f6dc29d5d893cd4fd8fddf0c3cdfad1bb3ebafc41"
dependencies = [
 "alloy-primitives",
 "alloy-rlp",
 "serde",
]

[[package]]
name = "alloy-eip7702"
version = "0.5.0"
source = "registry+https://github.com/rust-lang/crates.io-index"
checksum = "cabf647eb4650c91a9d38cb6f972bb320009e7e9d61765fb688a86f1563b33e8"
dependencies = [
 "alloy-primitives",
 "alloy-rlp",
 "derive_more",
 "serde",
]

[[package]]
name = "alloy-eips"
version = "0.11.1"
source = "registry+https://github.com/rust-lang/crates.io-index"
checksum = "5591581ca2ab0b3e7226a4047f9a1bfcf431da1d0cce3752fda609fea3c27e37"
dependencies = [
 "alloy-eip2124",
 "alloy-eip2930",
 "alloy-eip7702",
 "alloy-primitives",
 "alloy-rlp",
 "alloy-serde",
 "auto_impl",
 "c-kzg",
 "derive_more",
 "once_cell",
 "serde",
 "sha2",
]

[[package]]
name = "alloy-json-rpc"
version = "0.11.1"
source = "registry+https://github.com/rust-lang/crates.io-index"
checksum = "762414662d793d7aaa36ee3af6928b6be23227df1681ce9c039f6f11daadef64"
dependencies = [
 "alloy-primitives",
 "alloy-sol-types",
 "serde",
 "serde_json",
 "thiserror 2.0.11",
 "tracing",
]

[[package]]
name = "alloy-network"
version = "0.11.1"
source = "registry+https://github.com/rust-lang/crates.io-index"
checksum = "8be03f2ebc00cf88bd06d3c6caf387dceaa9c7e6b268216779fa68a9bf8ab4e6"
dependencies = [
 "alloy-consensus",
 "alloy-consensus-any",
 "alloy-eips",
 "alloy-json-rpc",
 "alloy-network-primitives",
 "alloy-primitives",
 "alloy-rpc-types-any",
 "alloy-rpc-types-eth",
 "alloy-serde",
 "alloy-signer",
 "alloy-sol-types",
 "async-trait",
 "auto_impl",
 "futures-utils-wasm",
 "serde",
 "serde_json",
 "thiserror 2.0.11",
]

[[package]]
name = "alloy-network-primitives"
version = "0.11.1"
source = "registry+https://github.com/rust-lang/crates.io-index"
checksum = "3a00ce618ae2f78369918be0c20f620336381502c83b6ed62c2f7b2db27698b0"
dependencies = [
 "alloy-consensus",
 "alloy-eips",
 "alloy-primitives",
 "alloy-serde",
 "serde",
]

[[package]]
name = "alloy-primitives"
version = "0.8.22"
source = "registry+https://github.com/rust-lang/crates.io-index"
checksum = "8c66bb6715b7499ea755bde4c96223ae8eb74e05c014ab38b9db602879ffb825"
version = "0.8.21"
source = "registry+https://github.com/rust-lang/crates.io-index"
checksum = "478bedf4d24e71ea48428d1bc278553bd7c6ae07c30ca063beb0b09fe58a9e74"
dependencies = [
 "alloy-rlp",
 "bytes",
 "cfg-if",
 "const-hex",
 "derive_more 2.0.1",
 "derive_more",
 "foldhash",
 "hashbrown 0.15.2",
 "indexmap 2.7.1",
 "itoa",
 "k256",
 "keccak-asm",
 "paste",
 "proptest",
 "rand",
 "ruint",
 "rustc-hash 2.1.1",
 "serde",
 "sha3",
 "tiny-keccak",
]

[[package]]
name = "alloy-rlp"
version = "0.3.11"
source = "registry+https://github.com/rust-lang/crates.io-index"
checksum = "3d6c1d995bff8d011f7cd6c81820d51825e6e06d6db73914c1630ecf544d83d6"
dependencies = [
 "alloy-rlp-derive",
 "arrayvec",
 "bytes",
]

[[package]]
name = "alloy-rlp-derive"
version = "0.3.11"
source = "registry+https://github.com/rust-lang/crates.io-index"
checksum = "a40e1ef334153322fd878d07e86af7a529bcb86b2439525920a88eba87bcf943"
dependencies = [
 "proc-macro2",
 "quote",
 "syn 2.0.98",
]

[[package]]
name = "alloy-rpc-types-any"
version = "0.11.1"
source = "registry+https://github.com/rust-lang/crates.io-index"
checksum = "318ae46dd12456df42527c3b94c1ae9001e1ceb707f7afe2c7807ac4e49ebad9"
dependencies = [
 "alloy-consensus-any",
 "alloy-rpc-types-eth",
 "alloy-serde",
]

[[package]]
name = "alloy-rpc-types-eth"
version = "0.11.1"
source = "registry+https://github.com/rust-lang/crates.io-index"
checksum = "8b4dbee4d82f8a22dde18c28257bed759afeae7ba73da4a1479a039fd1445d04"
dependencies = [
 "alloy-consensus",
 "alloy-consensus-any",
 "alloy-eips",
 "alloy-network-primitives",
 "alloy-primitives",
 "alloy-rlp",
 "alloy-serde",
 "alloy-sol-types",
 "itertools 0.14.0",
 "serde",
 "serde_json",
 "thiserror 2.0.11",
]

[[package]]
name = "alloy-serde"
version = "0.11.1"
source = "registry+https://github.com/rust-lang/crates.io-index"
checksum = "8732058f5ca28c1d53d241e8504620b997ef670315d7c8afab856b3e3b80d945"
dependencies = [
 "alloy-primitives",
 "serde",
 "serde_json",
]

[[package]]
name = "alloy-signer"
version = "0.11.1"
source = "registry+https://github.com/rust-lang/crates.io-index"
checksum = "f96b3526fdd779a4bd0f37319cfb4172db52a7ac24cdbb8804b72091c18e1701"
dependencies = [
 "alloy-primitives",
 "async-trait",
 "auto_impl",
 "either",
 "elliptic-curve",
 "k256",
 "thiserror 2.0.11",
]

[[package]]
name = "alloy-signer-local"
version = "0.11.1"
source = "registry+https://github.com/rust-lang/crates.io-index"
checksum = "fe8f78cd6b7501c7e813a1eb4a087b72d23af51f5bb66d4e948dc840bdd207d8"
dependencies = [
 "alloy-consensus",
 "alloy-network",
 "alloy-primitives",
 "alloy-signer",
 "async-trait",
 "k256",
 "rand 0.8.5",
 "thiserror 2.0.11",
]

[[package]]
name = "alloy-sol-macro"
version = "0.8.21"
source = "registry+https://github.com/rust-lang/crates.io-index"
checksum = "a2708e27f58d747423ae21d31b7a6625159bd8d867470ddd0256f396a68efa11"
dependencies = [
 "alloy-sol-macro-expander",
 "alloy-sol-macro-input",
 "proc-macro-error2",
 "proc-macro2",
 "quote",
 "syn 2.0.98",
]

[[package]]
name = "alloy-sol-macro-expander"
version = "0.8.21"
source = "registry+https://github.com/rust-lang/crates.io-index"
checksum = "c6b7984d7e085dec382d2c5ef022b533fcdb1fe6129200af30ebf5afddb6a361"
dependencies = [
 "alloy-sol-macro-input",
 "const-hex",
 "heck 0.5.0",
 "indexmap 2.7.1",
 "proc-macro-error2",
 "proc-macro2",
 "quote",
 "syn 2.0.98",
 "syn-solidity",
 "tiny-keccak",
]

[[package]]
name = "alloy-sol-macro-input"
version = "0.8.21"
source = "registry+https://github.com/rust-lang/crates.io-index"
checksum = "33d6a9fc4ed1a3c70bdb2357bec3924551c1a59f24e5a04a74472c755b37f87d"
dependencies = [
 "const-hex",
 "dunce",
 "heck 0.5.0",
 "proc-macro2",
 "quote",
 "syn 2.0.98",
 "syn-solidity",
]

[[package]]
name = "alloy-sol-types"
version = "0.8.21"
source = "registry+https://github.com/rust-lang/crates.io-index"
checksum = "6044800da35c38118fd4b98e18306bd3b91af5dedeb54c1b768cf1b4fb68f549"
dependencies = [
 "alloy-primitives",
 "alloy-sol-macro",
 "const-hex",
]

[[package]]
name = "alloy-trie"
version = "0.7.9"
source = "registry+https://github.com/rust-lang/crates.io-index"
checksum = "d95a94854e420f07e962f7807485856cde359ab99ab6413883e15235ad996e8b"
dependencies = [
 "alloy-primitives",
 "alloy-rlp",
 "arrayvec",
 "derive_more",
 "nybbles",
 "serde",
 "smallvec",
 "tracing",
]

[[package]]
name = "android-tzdata"
version = "0.1.1"
source = "registry+https://github.com/rust-lang/crates.io-index"
checksum = "e999941b234f3131b00bc13c22d06e8c5ff726d1b6318ac7eb276997bbb4fef0"

[[package]]
name = "android_system_properties"
version = "0.1.5"
source = "registry+https://github.com/rust-lang/crates.io-index"
checksum = "819e7219dbd41043ac279b19830f2efc897156490d7fd6ea916720117ee66311"
dependencies = [
 "libc",
]

[[package]]
name = "ansi_term"
version = "0.12.1"
source = "registry+https://github.com/rust-lang/crates.io-index"
checksum = "d52a9bb7ec0cf484c551830a7ce27bd20d67eac647e1befb56b0be4ee39a55d2"
dependencies = [
 "winapi",
]

[[package]]
name = "anstream"
version = "0.6.18"
source = "registry+https://github.com/rust-lang/crates.io-index"
checksum = "8acc5369981196006228e28809f761875c0327210a891e941f4c683b3a99529b"
dependencies = [
 "anstyle",
 "anstyle-parse",
 "anstyle-query",
 "anstyle-wincon",
 "colorchoice",
 "is_terminal_polyfill",
 "utf8parse",
]

[[package]]
name = "anstyle"
version = "1.0.10"
source = "registry+https://github.com/rust-lang/crates.io-index"
checksum = "55cc3b69f167a1ef2e161439aa98aed94e6028e5f9a59be9a6ffb47aef1651f9"

[[package]]
name = "anstyle-parse"
version = "0.2.6"
source = "registry+https://github.com/rust-lang/crates.io-index"
checksum = "3b2d16507662817a6a20a9ea92df6652ee4f94f914589377d69f3b21bc5798a9"
dependencies = [
 "utf8parse",
]

[[package]]
name = "anstyle-query"
version = "1.1.2"
source = "registry+https://github.com/rust-lang/crates.io-index"
checksum = "79947af37f4177cfead1110013d678905c37501914fba0efea834c3fe9a8d60c"
dependencies = [
 "windows-sys 0.59.0",
]

[[package]]
name = "anstyle-wincon"
version = "3.0.7"
source = "registry+https://github.com/rust-lang/crates.io-index"
checksum = "ca3534e77181a9cc07539ad51f2141fe32f6c3ffd4df76db8ad92346b003ae4e"
dependencies = [
 "anstyle",
 "once_cell",
 "windows-sys 0.59.0",
]

[[package]]
name = "anyhow"
version = "1.0.96"
source = "registry+https://github.com/rust-lang/crates.io-index"
checksum = "6b964d184e89d9b6b67dd2715bc8e74cf3107fb2b529990c90cf517326150bf4"

[[package]]
name = "ark-ff"
version = "0.3.0"
source = "registry+https://github.com/rust-lang/crates.io-index"
checksum = "6b3235cc41ee7a12aaaf2c575a2ad7b46713a8a50bda2fc3b003a04845c05dd6"
dependencies = [
 "ark-ff-asm 0.3.0",
 "ark-ff-macros 0.3.0",
 "ark-serialize 0.3.0",
 "ark-std 0.3.0",
 "derivative",
 "num-bigint 0.4.6",
 "num-traits",
 "paste",
 "rustc_version 0.3.3",
 "zeroize",
]

[[package]]
name = "ark-ff"
version = "0.4.2"
source = "registry+https://github.com/rust-lang/crates.io-index"
checksum = "ec847af850f44ad29048935519032c33da8aa03340876d351dfab5660d2966ba"
dependencies = [
 "ark-ff-asm 0.4.2",
 "ark-ff-macros 0.4.2",
 "ark-serialize 0.4.2",
 "ark-std 0.4.0",
 "derivative",
 "digest 0.10.7",
 "itertools 0.10.5",
 "num-bigint 0.4.6",
 "num-traits",
 "paste",
 "rustc_version 0.4.1",
 "zeroize",
]

[[package]]
name = "ark-ff-asm"
version = "0.3.0"
source = "registry+https://github.com/rust-lang/crates.io-index"
checksum = "db02d390bf6643fb404d3d22d31aee1c4bc4459600aef9113833d17e786c6e44"
dependencies = [
 "quote",
 "syn 1.0.109",
]

[[package]]
name = "ark-ff-asm"
version = "0.4.2"
source = "registry+https://github.com/rust-lang/crates.io-index"
checksum = "3ed4aa4fe255d0bc6d79373f7e31d2ea147bcf486cba1be5ba7ea85abdb92348"
dependencies = [
 "quote",
 "syn 1.0.109",
]

[[package]]
name = "ark-ff-macros"
version = "0.3.0"
source = "registry+https://github.com/rust-lang/crates.io-index"
checksum = "db2fd794a08ccb318058009eefdf15bcaaaaf6f8161eb3345f907222bac38b20"
dependencies = [
 "num-bigint 0.4.6",
 "num-traits",
 "quote",
 "syn 1.0.109",
]

[[package]]
name = "ark-ff-macros"
version = "0.4.2"
source = "registry+https://github.com/rust-lang/crates.io-index"
checksum = "7abe79b0e4288889c4574159ab790824d0033b9fdcb2a112a3182fac2e514565"
dependencies = [
 "num-bigint 0.4.6",
 "num-traits",
 "proc-macro2",
 "quote",
 "syn 1.0.109",
]

[[package]]
name = "ark-serialize"
version = "0.3.0"
source = "registry+https://github.com/rust-lang/crates.io-index"
checksum = "1d6c2b318ee6e10f8c2853e73a83adc0ccb88995aa978d8a3408d492ab2ee671"
dependencies = [
 "ark-std 0.3.0",
 "digest 0.9.0",
]

[[package]]
name = "ark-serialize"
version = "0.4.2"
source = "registry+https://github.com/rust-lang/crates.io-index"
checksum = "adb7b85a02b83d2f22f89bd5cac66c9c89474240cb6207cb1efc16d098e822a5"
dependencies = [
 "ark-std 0.4.0",
 "digest 0.10.7",
 "num-bigint 0.4.6",
]

[[package]]
name = "ark-std"
version = "0.3.0"
source = "registry+https://github.com/rust-lang/crates.io-index"
checksum = "1df2c09229cbc5a028b1d70e00fdb2acee28b1055dfb5ca73eea49c5a25c4e7c"
dependencies = [
 "num-traits",
 "rand 0.8.5",
]

[[package]]
name = "ark-std"
version = "0.4.0"
source = "registry+https://github.com/rust-lang/crates.io-index"
checksum = "94893f1e0c6eeab764ade8dc4c0db24caf4fe7cbbaafc0eba0a9030f447b5185"
dependencies = [
 "num-traits",
 "rand 0.8.5",
]

[[package]]
name = "arrayref"
version = "0.3.9"
source = "registry+https://github.com/rust-lang/crates.io-index"
checksum = "76a2e8124351fda1ef8aaaa3bbd7ebbcb486bbcd4225aca0aa0d84bb2db8fecb"

[[package]]
name = "arrayvec"
version = "0.7.6"
source = "registry+https://github.com/rust-lang/crates.io-index"
checksum = "7c02d123df017efcdfbd739ef81735b36c5ba83ec3c59c80a9d7ecc718f92e50"
dependencies = [
 "serde",
]

[[package]]
name = "async-stream"
version = "0.3.6"
source = "registry+https://github.com/rust-lang/crates.io-index"
checksum = "0b5a71a6f37880a80d1d7f19efd781e4b5de42c88f0722cc13bcb6cc2cfe8476"
dependencies = [
 "async-stream-impl",
 "futures-core",
 "pin-project-lite",
]

[[package]]
name = "async-stream-impl"
version = "0.3.6"
source = "registry+https://github.com/rust-lang/crates.io-index"
checksum = "c7c24de15d275a1ecfd47a380fb4d5ec9bfe0933f309ed5e705b775596a3574d"
dependencies = [
 "proc-macro2",
 "quote",
 "syn 2.0.98",
]

[[package]]
name = "async-trait"
version = "0.1.86"
source = "registry+https://github.com/rust-lang/crates.io-index"
checksum = "644dd749086bf3771a2fbc5f256fdb982d53f011c7d5d560304eafeecebce79d"
dependencies = [
 "proc-macro2",
 "quote",
 "syn 2.0.98",
]

[[package]]
name = "atomic-waker"
version = "1.1.2"
source = "registry+https://github.com/rust-lang/crates.io-index"
checksum = "1505bd5d3d116872e7271a6d4e16d81d0c8570876c8de68093a09ac269d8aac0"

[[package]]
name = "auto_impl"
version = "1.2.1"
source = "registry+https://github.com/rust-lang/crates.io-index"
checksum = "e12882f59de5360c748c4cbf569a042d5fb0eb515f7bea9c1f470b47f6ffbd73"
dependencies = [
 "proc-macro2",
 "quote",
 "syn 2.0.98",
]

[[package]]
name = "autocfg"
version = "1.4.0"
source = "registry+https://github.com/rust-lang/crates.io-index"
checksum = "ace50bade8e6234aa140d9a2f552bbee1db4d353f69b8217bc503490fc1a9f26"

[[package]]
name = "axum"
version = "0.7.9"
source = "registry+https://github.com/rust-lang/crates.io-index"
checksum = "edca88bc138befd0323b20752846e6587272d3b03b0343c8ea28a6f819e6e71f"
dependencies = [
 "async-trait",
 "axum-core",
 "bytes",
 "futures-util",
 "http",
 "http-body",
 "http-body-util",
 "hyper",
 "hyper-util",
 "itoa",
 "matchit",
 "memchr",
 "mime",
 "percent-encoding",
 "pin-project-lite",
 "rustversion",
 "serde",
 "serde_json",
 "serde_path_to_error",
 "serde_urlencoded",
 "sync_wrapper",
 "tokio",
 "tower 0.5.2",
 "tower-layer",
 "tower-service",
 "tracing",
]

[[package]]
name = "axum-core"
version = "0.4.5"
source = "registry+https://github.com/rust-lang/crates.io-index"
checksum = "09f2bd6146b97ae3359fa0cc6d6b376d9539582c7b4220f041a33ec24c226199"
dependencies = [
 "async-trait",
 "bytes",
 "futures-util",
 "http",
 "http-body",
 "http-body-util",
 "mime",
 "pin-project-lite",
 "rustversion",
 "sync_wrapper",
 "tower-layer",
 "tower-service",
 "tracing",
]

[[package]]
name = "backoff"
version = "0.4.0"
source = "registry+https://github.com/rust-lang/crates.io-index"
checksum = "b62ddb9cb1ec0a098ad4bbf9344d0713fa193ae1a80af55febcff2627b6a00c1"
dependencies = [
 "futures-core",
 "getrandom 0.2.15",
 "instant",
 "pin-project-lite",
 "rand 0.8.5",
 "tokio",
]

[[package]]
name = "backtrace"
version = "0.3.74"
source = "registry+https://github.com/rust-lang/crates.io-index"
checksum = "8d82cb332cdfaed17ae235a638438ac4d4839913cc2af585c3c6746e8f8bee1a"
dependencies = [
 "addr2line",
 "cfg-if",
 "libc",
 "miniz_oxide",
 "object",
 "rustc-demangle",
 "serde",
 "windows-targets 0.52.6",
]

[[package]]
name = "base16ct"
version = "0.2.0"
source = "registry+https://github.com/rust-lang/crates.io-index"
checksum = "4c7f02d4ea65f2c1853089ffd8d2787bdbc63de2f0d29dedbcf8ccdfa0ccd4cf"

[[package]]
name = "base64"
version = "0.22.1"
source = "registry+https://github.com/rust-lang/crates.io-index"
checksum = "72b3254f16251a8381aa12e40e3c4d2f0199f8c6508fbecb9d91f575e0fbb8c6"

[[package]]
name = "base64ct"
version = "1.6.0"
source = "registry+https://github.com/rust-lang/crates.io-index"
checksum = "8c3c1a368f70d6cf7302d78f8f7093da241fb8e8807c05cc9e51a125895a6d5b"

[[package]]
name = "bincode"
version = "1.3.3"
source = "registry+https://github.com/rust-lang/crates.io-index"
checksum = "b1f45e9417d87227c7a56d22e471c6206462cba514c7590c09aff4cf6d1ddcad"
dependencies = [
 "serde",
]

[[package]]
name = "bindgen"
version = "0.70.1"
source = "registry+https://github.com/rust-lang/crates.io-index"
checksum = "f49d8fed880d473ea71efb9bf597651e77201bdd4893efe54c9e5d65ae04ce6f"
dependencies = [
 "bitflags",
 "cexpr",
 "clang-sys",
 "itertools 0.12.1",
 "log",
 "prettyplease",
 "proc-macro2",
 "quote",
 "regex",
 "rustc-hash 1.1.0",
 "shlex",
 "syn 2.0.98",
]

[[package]]
name = "bit-set"
version = "0.8.0"
source = "registry+https://github.com/rust-lang/crates.io-index"
checksum = "08807e080ed7f9d5433fa9b275196cfc35414f66a0c79d864dc51a0d825231a3"
dependencies = [
 "bit-vec",
]

[[package]]
name = "bit-vec"
version = "0.8.0"
source = "registry+https://github.com/rust-lang/crates.io-index"
checksum = "5e764a1d40d510daf35e07be9eb06e75770908c27d411ee6c92109c9840eaaf7"

[[package]]
name = "bitflags"
version = "2.8.0"
source = "registry+https://github.com/rust-lang/crates.io-index"
checksum = "8f68f53c83ab957f72c32642f3868eec03eb974d1fb82e453128456482613d36"

[[package]]
name = "bitvec"
version = "1.0.1"
source = "registry+https://github.com/rust-lang/crates.io-index"
checksum = "1bc2832c24239b0141d5674bb9174f9d68a8b5b3f2753311927c172ca46f7e9c"
dependencies = [
 "funty",
 "radium",
 "tap",
 "wyz",
]

[[package]]
name = "blake2"
version = "0.10.6"
source = "registry+https://github.com/rust-lang/crates.io-index"
checksum = "46502ad458c9a52b69d4d4d32775c788b7a1b85e8bc9d482d92250fc0e3f8efe"
dependencies = [
 "digest 0.10.7",
]

[[package]]
name = "blake2b_simd"
version = "1.0.3"
source = "registry+https://github.com/rust-lang/crates.io-index"
checksum = "06e903a20b159e944f91ec8499fe1e55651480c541ea0a584f5d967c49ad9d99"
dependencies = [
 "arrayref",
 "arrayvec",
 "constant_time_eq",
]

[[package]]
name = "block-buffer"
version = "0.10.4"
source = "registry+https://github.com/rust-lang/crates.io-index"
checksum = "3078c7629b62d3f0439517fa394996acacc5cbc91c5a20d8c658e77abd503a71"
dependencies = [
 "generic-array 0.14.7",
]

[[package]]
name = "bls12_381"
version = "0.7.1"
source = "registry+https://github.com/rust-lang/crates.io-index"
checksum = "a3c196a77437e7cc2fb515ce413a6401291578b5afc8ecb29a3c7ab957f05941"
dependencies = [
 "ff 0.12.1",
 "group 0.12.1",
 "pairing",
 "rand_core 0.6.4",
 "subtle",
]

[[package]]
name = "blst"
version = "0.3.14"
source = "registry+https://github.com/rust-lang/crates.io-index"
checksum = "47c79a94619fade3c0b887670333513a67ac28a6a7e653eb260bf0d4103db38d"
dependencies = [
 "cc",
 "glob",
 "threadpool",
 "zeroize",
]

[[package]]
name = "bumpalo"
version = "3.17.0"
source = "registry+https://github.com/rust-lang/crates.io-index"
checksum = "1628fb46dfa0b37568d12e5edd512553eccf6a22a78e8bde00bb4aed84d5bdbf"

[[package]]
name = "byte-slice-cast"
version = "1.2.2"
source = "registry+https://github.com/rust-lang/crates.io-index"
checksum = "c3ac9f8b63eca6fd385229b3675f6cc0dc5c8a5c8a54a59d4f52ffd670d87b0c"

[[package]]
name = "bytemuck"
version = "1.21.0"
source = "registry+https://github.com/rust-lang/crates.io-index"
checksum = "ef657dfab802224e671f5818e9a4935f9b1957ed18e58292690cc39e7a4092a3"

[[package]]
name = "byteorder"
version = "1.5.0"
source = "registry+https://github.com/rust-lang/crates.io-index"
checksum = "1fd0f2584146f6f2ef48085050886acf353beff7305ebd1ae69500e27c67f64b"

[[package]]
name = "bytes"
version = "1.10.0"
source = "registry+https://github.com/rust-lang/crates.io-index"
checksum = "f61dac84819c6588b558454b194026eb1f09c293b9036ae9b159e74e73ab6cf9"
dependencies = [
 "serde",
]

[[package]]
name = "c-kzg"
version = "1.0.3"
source = "registry+https://github.com/rust-lang/crates.io-index"
checksum = "f0307f72feab3300336fb803a57134159f6e20139af1357f36c54cb90d8e8928"
dependencies = [
 "blst",
 "cc",
 "glob",
 "hex",
 "libc",
 "once_cell",
 "serde",
]

[[package]]
name = "camino"
version = "1.1.9"
source = "registry+https://github.com/rust-lang/crates.io-index"
checksum = "8b96ec4966b5813e2c0507c1f86115c8c5abaadc3980879c3424042a02fd1ad3"
dependencies = [
 "serde",
]

[[package]]
name = "cargo-platform"
version = "0.1.9"
source = "registry+https://github.com/rust-lang/crates.io-index"
checksum = "e35af189006b9c0f00a064685c727031e3ed2d8020f7ba284d78cc2671bd36ea"
dependencies = [
 "serde",
]

[[package]]
name = "cargo_metadata"
version = "0.18.1"
source = "registry+https://github.com/rust-lang/crates.io-index"
checksum = "2d886547e41f740c616ae73108f6eb70afe6d940c7bc697cb30f13daec073037"
dependencies = [
 "camino",
 "cargo-platform",
 "semver 1.0.25",
 "serde",
 "serde_json",
 "thiserror 1.0.69",
]

[[package]]
name = "cbindgen"
version = "0.27.0"
source = "registry+https://github.com/rust-lang/crates.io-index"
checksum = "3fce8dd7fcfcbf3a0a87d8f515194b49d6135acab73e18bd380d1d93bb1a15eb"
dependencies = [
 "clap",
 "heck 0.4.1",
 "indexmap 2.7.1",
 "log",
 "proc-macro2",
 "quote",
 "serde",
 "serde_json",
 "syn 2.0.98",
 "tempfile",
 "toml",
]

[[package]]
name = "cc"
version = "1.2.15"
source = "registry+https://github.com/rust-lang/crates.io-index"
checksum = "c736e259eea577f443d5c86c304f9f4ae0295c43f3ba05c21f1d66b5f06001af"
dependencies = [
 "shlex",
]

[[package]]
name = "cexpr"
version = "0.6.0"
source = "registry+https://github.com/rust-lang/crates.io-index"
checksum = "6fac387a98bb7c37292057cffc56d62ecb629900026402633ae9160df93a8766"
dependencies = [
 "nom",
]

[[package]]
name = "cfg-if"
version = "1.0.0"
source = "registry+https://github.com/rust-lang/crates.io-index"
checksum = "baf1de4339761588bc0619e3cbc0120ee582ebb74b53b4efbf79117bd2da40fd"

[[package]]
name = "cfg_aliases"
version = "0.2.1"
source = "registry+https://github.com/rust-lang/crates.io-index"
checksum = "613afe47fcd5fac7ccf1db93babcb082c5994d996f20b8b159f2ad1658eb5724"

[[package]]
name = "chrono"
version = "0.4.40"
source = "registry+https://github.com/rust-lang/crates.io-index"
checksum = "1a7964611d71df112cb1730f2ee67324fcf4d0fc6606acbbe9bfe06df124637c"
dependencies = [
 "android-tzdata",
 "iana-time-zone",
 "num-traits",
 "windows-link",
]

[[package]]
name = "clang-sys"
version = "1.8.1"
source = "registry+https://github.com/rust-lang/crates.io-index"
checksum = "0b023947811758c97c59bf9d1c188fd619ad4718dcaa767947df1cadb14f39f4"
dependencies = [
 "glob",
 "libc",
 "libloading",
]

[[package]]
name = "clap"
version = "4.5.31"
source = "registry+https://github.com/rust-lang/crates.io-index"
checksum = "027bb0d98429ae334a8698531da7077bdf906419543a35a55c2cb1b66437d767"
dependencies = [
 "clap_builder",
 "clap_derive",
]

[[package]]
name = "clap_builder"
version = "4.5.31"
source = "registry+https://github.com/rust-lang/crates.io-index"
checksum = "5589e0cba072e0f3d23791efac0fd8627b49c829c196a492e88168e6a669d863"
dependencies = [
 "anstream",
 "anstyle",
 "clap_lex",
 "strsim",
]